<?xml version="1.0" encoding="utf-8"?>
<Project ToolsVersion="4.0" xmlns="http://schemas.microsoft.com/developer/msbuild/2003">
  <ItemGroup>
    <Filter Include="Source Files">
      <UniqueIdentifier>{1f2f8280-982d-4d08-9ee3-77aa40075b98}</UniqueIdentifier>
      <Extensions>cpp;c;cxx;rc;def;r;odl;idl;hpj;bat</Extensions>
    </Filter>
    <Filter Include="Header Files">
      <UniqueIdentifier>{16586188-ff32-4199-a515-f5a8fb020e68}</UniqueIdentifier>
      <Extensions>h;hpp;hxx;hm;inl</Extensions>
    </Filter>
    <Filter Include="Source Files\sm_ext">
      <UniqueIdentifier>{5df9d7b3-aea9-4a2c-8469-bb75515290ae}</UniqueIdentifier>
    </Filter>
    <Filter Include="Source Files\rcbot_subcmds">
      <UniqueIdentifier>{e6487d5d-1015-4df5-8b5f-038779fe57e8}</UniqueIdentifier>
    </Filter>
    <Filter Include="Source Files\rcbot">
      <UniqueIdentifier>{5fc43177-eeaf-41e5-a623-5a472eac464c}</UniqueIdentifier>
    </Filter>
    <Filter Include="Source Files\rcbot\tf2">
      <UniqueIdentifier>{6884231c-53d4-4673-9b74-c1811a727656}</UniqueIdentifier>
    </Filter>
  </ItemGroup>
  <ItemGroup>
    <ClCompile Include="bot.cpp">
      <Filter>Source Files</Filter>
    </ClCompile>
    <ClCompile Include="bot_accessclient.cpp">
      <Filter>Source Files</Filter>
    </ClCompile>
    <ClCompile Include="bot_buttons.cpp">
      <Filter>Source Files</Filter>
    </ClCompile>
    <ClCompile Include="bot_client.cpp">
      <Filter>Source Files</Filter>
    </ClCompile>
    <ClCompile Include="bot_commands.cpp">
      <Filter>Source Files</Filter>
    </ClCompile>
    <ClCompile Include="bot_configfile.cpp">
      <Filter>Source Files</Filter>
    </ClCompile>
    <ClCompile Include="bot_coop.cpp">
      <Filter>Source Files</Filter>
    </ClCompile>
    <ClCompile Include="bot_css_bot.cpp">
      <Filter>Source Files</Filter>
    </ClCompile>
    <ClCompile Include="bot_dod_bot.cpp">
      <Filter>Source Files</Filter>
    </ClCompile>
    <ClCompile Include="bot_events.cpp">
      <Filter>Source Files</Filter>
    </ClCompile>
    <ClCompile Include="bot_fortress.cpp">
      <Filter>Source Files</Filter>
    </ClCompile>
    <ClCompile Include="bot_ga.cpp">
      <Filter>Source Files</Filter>
    </ClCompile>
    <ClCompile Include="bot_ga_ind.cpp">
      <Filter>Source Files</Filter>
    </ClCompile>
    <ClCompile Include="bot_getprop.cpp">
      <Filter>Source Files</Filter>
    </ClCompile>
    <ClCompile Include="bot_globals.cpp">
      <Filter>Source Files</Filter>
    </ClCompile>
    <ClCompile Include="bot_hl1dmsrc.cpp">
      <Filter>Source Files</Filter>
    </ClCompile>
    <ClCompile Include="bot_hldm_bot.cpp">
      <Filter>Source Files</Filter>
    </ClCompile>
    <ClCompile Include="bot_kv.cpp">
      <Filter>Source Files</Filter>
    </ClCompile>
    <ClCompile Include="bot_menu.cpp">
      <Filter>Source Files</Filter>
    </ClCompile>
    <ClCompile Include="bot_mods.cpp">
      <Filter>Source Files</Filter>
    </ClCompile>
    <ClCompile Include="bot_mtrand.cpp">
      <Filter>Source Files</Filter>
    </ClCompile>
    <ClCompile Include="bot_navmesh.cpp">
      <Filter>Source Files</Filter>
    </ClCompile>
    <ClCompile Include="bot_perceptron.cpp">
      <Filter>Source Files</Filter>
    </ClCompile>
    <ClCompile Include="bot_profile.cpp">
      <Filter>Source Files</Filter>
    </ClCompile>
    <ClCompile Include="bot_profiling.cpp">
      <Filter>Source Files</Filter>
    </ClCompile>
    <ClCompile Include="bot_schedule.cpp">
      <Filter>Source Files</Filter>
    </ClCompile>
    <ClCompile Include="bot_som.cpp">
      <Filter>Source Files</Filter>
    </ClCompile>
    <ClCompile Include="bot_strings.cpp">
      <Filter>Source Files</Filter>
    </ClCompile>
    <ClCompile Include="bot_task.cpp">
      <Filter>Source Files</Filter>
    </ClCompile>
    <ClCompile Include="bot_utility.cpp">
      <Filter>Source Files</Filter>
    </ClCompile>
    <ClCompile Include="bot_visibles.cpp">
      <Filter>Source Files</Filter>
    </ClCompile>
    <ClCompile Include="bot_waypoint.cpp">
      <Filter>Source Files</Filter>
    </ClCompile>
    <ClCompile Include="bot_waypoint_locations.cpp">
      <Filter>Source Files</Filter>
    </ClCompile>
    <ClCompile Include="bot_waypoint_visibility.cpp">
      <Filter>Source Files</Filter>
    </ClCompile>
    <ClCompile Include="bot_weapons.cpp">
      <Filter>Source Files</Filter>
    </ClCompile>
    <ClCompile Include="bot_wpt_dist.cpp">
      <Filter>Source Files</Filter>
    </ClCompile>
    <ClCompile Include="bot_zombie.cpp">
      <Filter>Source Files</Filter>
    </ClCompile>
    <ClCompile Include="bot_squads.cpp">
      <Filter>Source Files</Filter>
    </ClCompile>
    <ClCompile Include="bot_tf2_points.cpp">
      <Filter>Source Files</Filter>
    </ClCompile>
    <ClCompile Include="bot_tf2_mod.cpp">
      <Filter>Source Files</Filter>
    </ClCompile>
    <ClCompile Include="bot_dod_mod.cpp">
      <Filter>Source Files</Filter>
    </ClCompile>
    <ClCompile Include="bot_sigscan.cpp">
      <Filter>Source Files</Filter>
    </ClCompile>
    <ClCompile Include="bot_cvars.cpp">
      <Filter>Source Files</Filter>
    </ClCompile>
    <ClCompile Include="bot_plugin_meta.cpp">
      <Filter>Source Files</Filter>
    </ClCompile>
    <ClCompile Include="bot_synergy.cpp">
      <Filter>Source Files</Filter>
    </ClCompile>
    <ClCompile Include="bot_synergy_mod.cpp">
      <Filter>Source Files</Filter>
    </ClCompile>
    <ClCompile Include="bot_css_mod.cpp">
      <Filter>Source Files</Filter>
    </ClCompile>
    <ClCompile Include="..\..\sm_ext\bot_sm_ext.cpp">
      <Filter>Source Files\sm_ext</Filter>
    </ClCompile>
    <ClCompile Include="..\..\sm_ext\bot_sm_natives.cpp">
      <Filter>Source Files\sm_ext</Filter>
    </ClCompile>
    <ClCompile Include="..\..\sm_ext\smsdk_config.cpp">
      <Filter>Source Files\sm_ext</Filter>
    </ClCompile>
    <ClCompile Include="..\..\rcbot_subcmds\config.cpp">
      <Filter>Source Files\rcbot_subcmds</Filter>
    </ClCompile>
    <ClCompile Include="..\..\rcbot_subcmds\debug.cpp">
      <Filter>Source Files\rcbot_subcmds</Filter>
    </ClCompile>
    <ClCompile Include="..\..\rcbot_subcmds\pathwaypoint.cpp">
      <Filter>Source Files\rcbot_subcmds</Filter>
    </ClCompile>
    <ClCompile Include="..\..\rcbot_subcmds\users.cpp">
      <Filter>Source Files\rcbot_subcmds</Filter>
    </ClCompile>
    <ClCompile Include="..\..\rcbot_subcmds\util.cpp">
      <Filter>Source Files\rcbot_subcmds</Filter>
    </ClCompile>
    <ClCompile Include="..\..\rcbot_subcmds\waypoint.cpp">
      <Filter>Source Files\rcbot_subcmds</Filter>
    </ClCompile>
    <ClCompile Include="..\..\rcbot\entprops.cpp">
      <Filter>Source Files\rcbot</Filter>
    </ClCompile>
    <ClCompile Include="..\..\rcbot\helper.cpp">
      <Filter>Source Files\rcbot</Filter>
    </ClCompile>
    <ClCompile Include="..\..\rcbot\logging.cpp">
      <Filter>Source Files\rcbot</Filter>
    </ClCompile>
    <ClCompile Include="..\..\rcbot\math_fix.cpp">
      <Filter>Source Files\rcbot</Filter>
    </ClCompile>
    <ClCompile Include="..\..\rcbot\tf2\conditions.cpp">
      <Filter>Source Files\rcbot\tf2</Filter>
    </ClCompile>
  </ItemGroup>
  <ItemGroup>
    <ClInclude Include="bot.h">
      <Filter>Header Files</Filter>
    </ClInclude>
    <ClInclude Include="bot_accessclient.h">
      <Filter>Header Files</Filter>
    </ClInclude>
    <ClInclude Include="bot_belief.h">
      <Filter>Header Files</Filter>
    </ClInclude>
    <ClInclude Include="bot_buttons.h">
      <Filter>Header Files</Filter>
    </ClInclude>
    <ClInclude Include="bot_client.h">
      <Filter>Header Files</Filter>
    </ClInclude>
    <ClInclude Include="bot_commands.h">
      <Filter>Header Files</Filter>
    </ClInclude>
    <ClInclude Include="bot_config.h">
      <Filter>Header Files</Filter>
    </ClInclude>
    <ClInclude Include="bot_configfile.h">
      <Filter>Header Files</Filter>
    </ClInclude>
    <ClInclude Include="bot_const.h">
      <Filter>Header Files</Filter>
    </ClInclude>
    <ClInclude Include="bot_coop.h">
      <Filter>Header Files</Filter>
    </ClInclude>
    <ClInclude Include="bot_css_bot.h">
      <Filter>Header Files</Filter>
    </ClInclude>
    <ClInclude Include="bot_dod_bot.h">
      <Filter>Header Files</Filter>
    </ClInclude>
    <ClInclude Include="bot_event.h">
      <Filter>Header Files</Filter>
    </ClInclude>
    <ClInclude Include="bot_fortress.h">
      <Filter>Header Files</Filter>
    </ClInclude>
    <ClInclude Include="bot_ga.h">
      <Filter>Header Files</Filter>
    </ClInclude>
    <ClInclude Include="bot_ga_ind.h">
      <Filter>Header Files</Filter>
    </ClInclude>
    <ClInclude Include="bot_genclass.h">
      <Filter>Header Files</Filter>
    </ClInclude>
    <ClInclude Include="bot_getprop.h">
      <Filter>Header Files</Filter>
    </ClInclude>
    <ClInclude Include="bot_globals.h">
      <Filter>Header Files</Filter>
    </ClInclude>
    <ClInclude Include="bot_hl1dmsrc_bot.h">
      <Filter>Header Files</Filter>
    </ClInclude>
    <ClInclude Include="bot_hldm_bot.h">
      <Filter>Header Files</Filter>
    </ClInclude>
    <ClInclude Include="bot_kv.h">
      <Filter>Header Files</Filter>
    </ClInclude>
    <ClInclude Include="bot_menu.h">
      <Filter>Header Files</Filter>
    </ClInclude>
    <ClInclude Include="bot_mods.h">
      <Filter>Header Files</Filter>
    </ClInclude>
    <ClInclude Include="bot_mtrand.h">
      <Filter>Header Files</Filter>
    </ClInclude>
    <ClInclude Include="bot_navigator.h">
      <Filter>Header Files</Filter>
    </ClInclude>
    <ClInclude Include="bot_perceptron.h">
      <Filter>Header Files</Filter>
    </ClInclude>
    <ClInclude Include="bot_profile.h">
      <Filter>Header Files</Filter>
    </ClInclude>
    <ClInclude Include="bot_profiling.h">
      <Filter>Header Files</Filter>
    </ClInclude>
    <ClInclude Include="bot_rb.h">
      <Filter>Header Files</Filter>
    </ClInclude>
    <ClInclude Include="bot_recipients.h">
      <Filter>Header Files</Filter>
    </ClInclude>
    <ClInclude Include="bot_schedule.h">
      <Filter>Header Files</Filter>
    </ClInclude>
    <ClInclude Include="bot_som.h">
      <Filter>Header Files</Filter>
    </ClInclude>
    <ClInclude Include="bot_strings.h">
      <Filter>Header Files</Filter>
    </ClInclude>
    <ClInclude Include="bot_task.h">
      <Filter>Header Files</Filter>
    </ClInclude>
    <ClInclude Include="bot_utility.h">
      <Filter>Header Files</Filter>
    </ClInclude>
    <ClInclude Include="bot_visibles.h">
      <Filter>Header Files</Filter>
    </ClInclude>
    <ClInclude Include="bot_waypoint.h">
      <Filter>Header Files</Filter>
    </ClInclude>
    <ClInclude Include="bot_waypoint_locations.h">
      <Filter>Header Files</Filter>
    </ClInclude>
    <ClInclude Include="bot_waypoint_visibility.h">
      <Filter>Header Files</Filter>
    </ClInclude>
    <ClInclude Include="bot_weapons.h">
      <Filter>Header Files</Filter>
    </ClInclude>
    <ClInclude Include="bot_wpt_color.h">
      <Filter>Header Files</Filter>
    </ClInclude>
    <ClInclude Include="bot_wpt_dist.h">
      <Filter>Header Files</Filter>
    </ClInclude>
    <ClInclude Include="bot_zombie.h">
      <Filter>Header Files</Filter>
    </ClInclude>
    <ClInclude Include="bot_squads.h">
      <Filter>Header Files</Filter>
    </ClInclude>
    <ClInclude Include="bot_ehandle.h">
      <Filter>Header Files</Filter>
    </ClInclude>
    <ClInclude Include="bot_tf2_points.h">
      <Filter>Header Files</Filter>
    </ClInclude>
    <ClInclude Include="bot_sigscan.h">
      <Filter>Header Files</Filter>
    </ClInclude>
    <ClInclude Include="bot_hooks.h">
      <Filter>Header Files</Filter>
    </ClInclude>
    <ClInclude Include="bot_cvars.h">
      <Filter>Header Files</Filter>
    </ClInclude>
    <ClInclude Include="bot_plugin_meta.h">
      <Filter>Header Files</Filter>
    </ClInclude>
    <ClInclude Include="engine_wrappers.h">
      <Filter>Header Files</Filter>
    </ClInclude>
    <ClInclude Include="bot_synergy.h">
      <Filter>Header Files</Filter>
    </ClInclude>
    <ClInclude Include="..\..\sm_ext\bot_sm_ext.h">
      <Filter>Source Files\sm_ext</Filter>
    </ClInclude>
    <ClInclude Include="..\..\sm_ext\bot_sm_natives.h">
      <Filter>Source Files\sm_ext</Filter>
    </ClInclude>
    <ClInclude Include="..\..\sm_ext\smsdk_config.h">
      <Filter>Source Files\sm_ext</Filter>
    </ClInclude>
    <ClInclude Include="..\..\rcbot\entprops.h">
      <Filter>Source Files\rcbot</Filter>
    </ClInclude>
    <ClInclude Include="..\..\rcbot\helper.h">
      <Filter>Source Files\rcbot</Filter>
    </ClInclude>
    <ClInclude Include="..\..\rcbot\logging.h">
      <Filter>Source Files\rcbot</Filter>
    </ClInclude>
    <ClInclude Include="..\..\rcbot\tf2\conditions.h">
      <Filter>Source Files\rcbot\tf2</Filter>
    </ClInclude>
    <ClInclude Include="nav_mesh.h">
      <Filter>Header Files</Filter>
    </ClInclude>
  </ItemGroup>
  <ItemGroup>
    <Library Include="..\..\alliedmodders\hl2sdk-tf2\lib\public\mathlib.lib" />
    <Library Include="..\..\alliedmodders\hl2sdk-tf2\lib\public\tier0.lib" />
    <Library Include="..\..\alliedmodders\hl2sdk-tf2\lib\public\tier1.lib" />
    <Library Include="..\..\alliedmodders\hl2sdk-tf2\lib\public\tier2.lib" />
    <Library Include="..\..\alliedmodders\hl2sdk-tf2\lib\public\vstdlib.lib" />
  </ItemGroup>
</Project>